// !$*UTF8*$!
{
	archiveVersion = 1;
	classes = {
	};
	objectVersion = 46;
	objects = {

/* Begin PBXBuildFile section */
		87021E9C1C9A55DC00131238 /* AppDelegate.swift in Sources */ = {isa = PBXBuildFile; fileRef = 87021E9B1C9A55DC00131238 /* AppDelegate.swift */; };
		87021E9E1C9A55DC00131238 /* ViewController.swift in Sources */ = {isa = PBXBuildFile; fileRef = 87021E9D1C9A55DC00131238 /* ViewController.swift */; };
		87021EA11C9A55DC00131238 /* Main.storyboard in Resources */ = {isa = PBXBuildFile; fileRef = 87021E9F1C9A55DC00131238 /* Main.storyboard */; };
		87021EA31C9A55DC00131238 /* Assets.xcassets in Resources */ = {isa = PBXBuildFile; fileRef = 87021EA21C9A55DC00131238 /* Assets.xcassets */; };
		87021EA61C9A55DC00131238 /* LaunchScreen.storyboard in Resources */ = {isa = PBXBuildFile; fileRef = 87021EA41C9A55DC00131238 /* LaunchScreen.storyboard */; };
/* End PBXBuildFile section */

/* Begin PBXFileReference section */
		87021E981C9A55DC00131238 /* FlashCards.app */ = {isa = PBXFileReference; explicitFileType = wrapper.application; includeInIndex = 0; path = FlashCards.app; sourceTree = BUILT_PRODUCTS_DIR; };
		87021E9B1C9A55DC00131238 /* AppDelegate.swift */ = {isa = PBXFileReference; lastKnownFileType = sourcecode.swift; path = AppDelegate.swift; sourceTree = "<group>"; };
		87021E9D1C9A55DC00131238 /* ViewController.swift */ = {isa = PBXFileReference; lastKnownFileType = sourcecode.swift; path = ViewController.swift; sourceTree = "<group>"; };
		87021EA01C9A55DC00131238 /* Base */ = {isa = PBXFileReference; lastKnownFileType = file.storyboard; name = Base; path = Base.lproj/Main.storyboard; sourceTree = "<group>"; };
		87021EA21C9A55DC00131238 /* Assets.xcassets */ = {isa = PBXFileReference; lastKnownFileType = folder.assetcatalog; path = Assets.xcassets; sourceTree = "<group>"; };
		87021EA51C9A55DC00131238 /* Base */ = {isa = PBXFileReference; lastKnownFileType = file.storyboard; name = Base; path = Base.lproj/LaunchScreen.storyboard; sourceTree = "<group>"; };
		87021EA71C9A55DC00131238 /* Info.plist */ = {isa = PBXFileReference; lastKnownFileType = text.plist.xml; path = Info.plist; sourceTree = "<group>"; };
/* End PBXFileReference section */

/* Begin PBXFrameworksBuildPhase section */
		87021E951C9A55DC00131238 /* Frameworks */ = {
			isa = PBXFrameworksBuildPhase;
			buildActionMask = 2147483647;
			files = (
			);
			runOnlyForDeploymentPostprocessing = 0;
		};
/* End PBXFrameworksBuildPhase section */

/* Begin PBXGroup section */
		87021E8F1C9A55DC00131238 = {
			isa = PBXGroup;
			children = (
				87021E9A1C9A55DC00131238 /* FlashCards */,
				87021E991C9A55DC00131238 /* Products */,
			);
			sourceTree = "<group>";
		};
		87021E991C9A55DC00131238 /* Products */ = {
			isa = PBXGroup;
			children = (
				87021E981C9A55DC00131238 /* FlashCards.app */,
			);
			name = Products;
			sourceTree = "<group>";
		};
		87021E9A1C9A55DC00131238 /* FlashCards */ = {
			isa = PBXGroup;
			children = (
				87021E9B1C9A55DC00131238 /* AppDelegate.swift */,
				87021E9D1C9A55DC00131238 /* ViewController.swift */,
				87021E9F1C9A55DC00131238 /* Main.storyboard */,
				87021EA21C9A55DC00131238 /* Assets.xcassets */,
				87021EA41C9A55DC00131238 /* LaunchScreen.storyboard */,
				87021EA71C9A55DC00131238 /* Info.plist */,
			);
			path = FlashCards;
			sourceTree = "<group>";
		};
/* End PBXGroup section */

/* Begin PBXNativeTarget section */
		87021E971C9A55DC00131238 /* FlashCards */ = {
			isa = PBXNativeTarget;
			buildConfigurationList = 87021EAA1C9A55DC00131238 /* Build configuration list for PBXNativeTarget "FlashCards" */;
			buildPhases = (
				87021E941C9A55DC00131238 /* Sources */,
				87021E951C9A55DC00131238 /* Frameworks */,
				87021E961C9A55DC00131238 /* Resources */,
			);
			buildRules = (
			);
			dependencies = (
			);
			name = FlashCards;
			productName = FlashCards;
			productReference = 87021E981C9A55DC00131238 /* FlashCards.app */;
			productType = "com.apple.product-type.application";
		};
/* End PBXNativeTarget section */

/* Begin PBXProject section */
		87021E901C9A55DC00131238 /* Project object */ = {
			isa = PBXProject;
			attributes = {
				LastSwiftUpdateCheck = 0720;
				LastUpgradeCheck = 0720;
				ORGANIZATIONNAME = "Matthew Helms";
				TargetAttributes = {
					87021E971C9A55DC00131238 = {
						CreatedOnToolsVersion = 7.2.1;
						DevelopmentTeam = 74FJU2Y8UT;
					};
				};
			};
			buildConfigurationList = 87021E931C9A55DC00131238 /* Build configuration list for PBXProject "FlashCards" */;
			compatibilityVersion = "Xcode 3.2";
			developmentRegion = English;
			hasScannedForEncodings = 0;
			knownRegions = (
				en,
				Base,
			);
			mainGroup = 87021E8F1C9A55DC00131238;
			productRefGroup = 87021E991C9A55DC00131238 /* Products */;
			projectDirPath = "";
			projectRoot = "";
			targets = (
				87021E971C9A55DC00131238 /* FlashCards */,
			);
		};
/* End PBXProject section */

/* Begin PBXResourcesBuildPhase section */
		87021E961C9A55DC00131238 /* Resources */ = {
			isa = PBXResourcesBuildPhase;
			buildActionMask = 2147483647;
			files = (
				87021EA61C9A55DC00131238 /* LaunchScreen.storyboard in Resources */,
				87021EA31C9A55DC00131238 /* Assets.xcassets in Resources */,
				87021EA11C9A55DC00131238 /* Main.storyboard in Resources */,
			);
			runOnlyForDeploymentPostprocessing = 0;
		};
/* End PBXResourcesBuildPhase section */

/* Begin PBXSourcesBuildPhase section */
		87021E941C9A55DC00131238 /* Sources */ = {
			isa = PBXSourcesBuildPhase;
			buildActionMask = 2147483647;
			files = (
				87021E9E1C9A55DC00131238 /* ViewController.swift in Sources */,
				87021E9C1C9A55DC00131238 /* AppDelegate.swift in Sources */,
			);
			runOnlyForDeploymentPostprocessing = 0;
		};
/* End PBXSourcesBuildPhase section */

/* Begin PBXVariantGroup section */
		87021E9F1C9A55DC00131238 /* Main.storyboard */ = {
			isa = PBXVariantGroup;
			children = (
				87021EA01C9A55DC00131238 /* Base */,
			);
			name = Main.storyboard;
			sourceTree = "<group>";
		};
		87021EA41C9A55DC00131238 /* LaunchScreen.storyboard */ = {
			isa = PBXVariantGroup;
			children = (
				87021EA51C9A55DC00131238 /* Base */,
			);
			name = LaunchScreen.storyboard;
			sourceTree = "<group>";
		};
/* End PBXVariantGroup section */

/* Begin XCBuildConfiguration section */
		87021EA81C9A55DC00131238 /* Debug */ = {
			isa = XCBuildConfiguration;
			buildSettings = {
				ALWAYS_SEARCH_USER_PATHS = NO;
				CLANG_CXX_LANGUAGE_STANDARD = "gnu++0x";
				CLANG_CXX_LIBRARY = "libc++";
				CLANG_ENABLE_MODULES = YES;
				CLANG_ENABLE_OBJC_ARC = YES;
				CLANG_WARN_BOOL_CONVERSION = YES;
				CLANG_WARN_CONSTANT_CONVERSION = YES;
				CLANG_WARN_DIRECT_OBJC_ISA_USAGE = YES_ERROR;
				CLANG_WARN_EMPTY_BODY = YES;
				CLANG_WARN_ENUM_CONVERSION = YES;
				CLANG_WARN_INT_CONVERSION = YES;
				CLANG_WARN_OBJC_ROOT_CLASS = YES_ERROR;
				CLANG_WARN_UNREACHABLE_CODE = YES;
				CLANG_WARN__DUPLICATE_METHOD_MATCH = YES;
				"CODE_SIGN_IDENTITY[sdk=iphoneos*]" = "iPhone Developer";
				COPY_PHASE_STRIP = NO;
				DEBUG_INFORMATION_FORMAT = dwarf;
				ENABLE_STRICT_OBJC_MSGSEND = YES;
				ENABLE_TESTABILITY = YES;
				GCC_C_LANGUAGE_STANDARD = gnu99;
				GCC_DYNAMIC_NO_PIC = NO;
				GCC_NO_COMMON_BLOCKS = YES;
				GCC_OPTIMIZATION_LEVEL = 0;
				GCC_PREPROCESSOR_DEFINITIONS = (
					"DEBUG=1",
					"$(inherited)",
				);
				GCC_WARN_64_TO_32_BIT_CONVERSION = YES;
				GCC_WARN_ABOUT_RETURN_TYPE = YES_ERROR;
				GCC_WARN_UNDECLARED_SELECTOR = YES;
				GCC_WARN_UNINITIALIZED_AUTOS = YES_AGGRESSIVE;
				GCC_WARN_UNUSED_FUNCTION = YES;
				GCC_WARN_UNUSED_VARIABLE = YES;
				IPHONEOS_DEPLOYMENT_TARGET = 9.2;
				MTL_ENABLE_DEBUG_INFO = YES;
				ONLY_ACTIVE_ARCH = YES;
				SDKROOT = iphoneos;
				SWIFT_OPTIMIZATION_LEVEL = "-Onone";
				TARGETED_DEVICE_FAMILY = "1,2";
			};
			name = Debug;
		};
		87021EA91C9A55DC00131238 /* Release */ = {
			isa = XCBuildConfiguration;
			buildSettings = {
				ALWAYS_SEARCH_USER_PATHS = NO;
				CLANG_CXX_LANGUAGE_STANDARD = "gnu++0x";
				CLANG_CXX_LIBRARY = "libc++";
				CLANG_ENABLE_MODULES = YES;
				CLANG_ENABLE_OBJC_ARC = YES;
				CLANG_WARN_BOOL_CONVERSION = YES;
				CLANG_WARN_CONSTANT_CONVERSION = YES;
				CLANG_WARN_DIRECT_OBJC_ISA_USAGE = YES_ERROR;
				CLANG_WARN_EMPTY_BODY = YES;
				CLANG_WARN_ENUM_CONVERSION = YES;
				CLANG_WARN_INT_CONVERSION = YES;
				CLANG_WARN_OBJC_ROOT_CLASS = YES_ERROR;
				CLANG_WARN_UNREACHABLE_CODE = YES;
				CLANG_WARN__DUPLICATE_METHOD_MATCH = YES;
				"CODE_SIGN_IDENTITY[sdk=iphoneos*]" = "iPhone Developer";
				COPY_PHASE_STRIP = NO;
				DEBUG_INFORMATION_FORMAT = "dwarf-with-dsym";
				ENABLE_NS_ASSERTIONS = NO;
				ENABLE_STRICT_OBJC_MSGSEND = YES;
				GCC_C_LANGUAGE_STANDARD = gnu99;
				GCC_NO_COMMON_BLOCKS = YES;
				GCC_WARN_64_TO_32_BIT_CONVERSION = YES;
				GCC_WARN_ABOUT_RETURN_TYPE = YES_ERROR;
				GCC_WARN_UNDECLARED_SELECTOR = YES;
				GCC_WARN_UNINITIALIZED_AUTOS = YES_AGGRESSIVE;
				GCC_WARN_UNUSED_FUNCTION = YES;
				GCC_WARN_UNUSED_VARIABLE = YES;
				IPHONEOS_DEPLOYMENT_TARGET = 9.2;
				MTL_ENABLE_DEBUG_INFO = NO;
				SDKROOT = iphoneos;
				TARGETED_DEVICE_FAMILY = "1,2";
				VALIDATE_PRODUCT = YES;
			};
			name = Release;
		};
		87021EAB1C9A55DC00131238 /* Debug */ = {
			isa = XCBuildConfiguration;
			buildSettings = {
				ASSETCATALOG_COMPILER_APPICON_NAME = AppIcon;
				INFOPLIST_FILE = FlashCards/Info.plist;
				LD_RUNPATH_SEARCH_PATHS = "$(inherited) @executable_path/Frameworks";
				PRODUCT_BUNDLE_IDENTIFIER = melms.FlashCards;
				PRODUCT_NAME = "$(TARGET_NAME)";
			};
			name = Debug;
		};
		87021EAC1C9A55DC00131238 /* Release */ = {
			isa = XCBuildConfiguration;
			buildSettings = {
				ASSETCATALOG_COMPILER_APPICON_NAME = AppIcon;
				INFOPLIST_FILE = FlashCards/Info.plist;
				LD_RUNPATH_SEARCH_PATHS = "$(inherited) @executable_path/Frameworks";
				PRODUCT_BUNDLE_IDENTIFIER = melms.FlashCards;
				PRODUCT_NAME = "$(TARGET_NAME)";
			};
			name = Release;
		};
/* End XCBuildConfiguration section */

/* Begin XCConfigurationList section */
		87021E931C9A55DC00131238 /* Build configuration list for PBXProject "FlashCards" */ = {
			isa = XCConfigurationList;
			buildConfigurations = (
				87021EA81C9A55DC00131238 /* Debug */,
				87021EA91C9A55DC00131238 /* Release */,
			);
			defaultConfigurationIsVisible = 0;
			defaultConfigurationName = Release;
		};
		87021EAA1C9A55DC00131238 /* Build configuration list for PBXNativeTarget "FlashCards" */ = {
			isa = XCConfigurationList;
			buildConfigurations = (
				87021EAB1C9A55DC00131238 /* Debug */,
				87021EAC1C9A55DC00131238 /* Release */,
			);
			defaultConfigurationIsVisible = 0;
		};
/* End XCConfigurationList section */
	};
	rootObject = 87021E901C9A55DC00131238 /* Project object */;
}
